# This file is automatically @generated by Poetry 2.2.1 and should not be changed by hand.

[[package]]
name = "memory-profiler"
version = "0.61.0"
description = "A module for monitoring memory usage of a python program"
optional = false
python-versions = ">=3.5"
groups = ["main"]
files = [
    {file = "memory_profiler-0.61.0-py3-none-any.whl", hash = "sha256:400348e61031e3942ad4d4109d18753b2fb08c2f6fb8290671c5513a34182d84"},
    {file = "memory_profiler-0.61.0.tar.gz", hash = "sha256:4e5b73d7864a1d1292fb76a03e82a3e78ef934d06828a698d9dada76da2067b0"},
]

[package.dependencies]
psutil = "*"

[[package]]
name = "psutil"
version = "7.1.1"
description = "Cross-platform lib for process and system monitoring."
optional = false
python-versions = ">=3.6"
groups = ["main"]
files = [
    {file = "psutil-7.1.1-cp36-abi3-macosx_10_9_x86_64.whl", hash = "sha256:8fa59d7b1f01f0337f12cd10dbd76e4312a4d3c730a4fedcbdd4e5447a8b8460"},
    {file = "psutil-7.1.1-cp36-abi3-macosx_11_0_arm64.whl", hash = "sha256:2a95104eae85d088891716db676f780c1404fc15d47fde48a46a5d61e8f5ad2c"},
    {file = "psutil-7.1.1-cp36-abi3-manylinux_2_12_i686.manylinux2010_i686.manylinux_2_17_i686.manylinux2014_i686.whl", hash = "sha256:98629cd8567acefcc45afe2f4ba1e9290f579eacf490a917967decce4b74ee9b"},
    {file = "psutil-7.1.1-cp36-abi3-manylinux_2_12_x86_64.manylinux2010_x86_64.manylinux_2_17_x86_64.manylinux2014_x86_64.whl", hash = "sha256:92ebc58030fb054fa0f26c3206ef01c31c29d67aee1367e3483c16665c25c8d2"},
    {file = "psutil-7.1.1-cp36-abi3-manylinux_2_17_aarch64.manylinux2014_aarch64.whl", hash = "sha256:146a704f224fb2ded2be3da5ac67fc32b9ea90c45b51676f9114a6ac45616967"},
    {file = "psutil-7.1.1-cp37-abi3-win32.whl", hash = "sha256:295c4025b5cd880f7445e4379e6826f7307e3d488947bf9834e865e7847dc5f7"},
    {file = "psutil-7.1.1-cp37-abi3-win_amd64.whl", hash = "sha256:9b4f17c5f65e44f69bd3a3406071a47b79df45cf2236d1f717970afcb526bcd3"},
    {file = "psutil-7.1.1-cp37-abi3-win_arm64.whl", hash = "sha256:5457cf741ca13da54624126cd5d333871b454ab133999a9a103fb097a7d7d21a"},
    {file = "psutil-7.1.1.tar.gz", hash = "sha256:092b6350145007389c1cfe5716050f02030a05219d90057ea867d18fe8d372fc"},
]

[package.extras]
dev = ["abi3audit", "black", "check-manifest", "coverage", "packaging", "pylint", "pyperf", "pypinfo", "pyreadline ; os_name == \"nt\"", "pytest", "pytest-cov", "pytest-instafail", "pytest-subtests", "pytest-xdist", "pywin32 ; os_name == \"nt\" and platform_python_implementation != \"PyPy\"", "requests", "rstcheck", "ruff", "setuptools", "sphinx", "sphinx_rtd_theme", "toml-sort", "twine", "validate-pyproject[all]", "virtualenv", "vulture", "wheel", "wheel ; os_name == \"nt\" and platform_python_implementation != \"PyPy\"", "wmi ; os_name == \"nt\" and platform_python_implementation != \"PyPy\""]
test = ["pytest", "pytest-instafail", "pytest-subtests", "pytest-xdist", "pywin32 ; os_name == \"nt\" and platform_python_implementation != \"PyPy\"", "setuptools", "wheel ; os_name == \"nt\" and platform_python_implementation != \"PyPy\"", "wmi ; os_name == \"nt\" and platform_python_implementation != \"PyPy\""]

[metadata]
lock-version = "2.1"
python-versions = "^3.8"
content-hash = "7a0b78c68f84fc97cde1854fe78bfa149b0926b65682a36738140b7d5ddf3bea"
